
Microsoft Visual Studio Solution File, Format Version 12.00
# Visual Studio 15
VisualStudioVersion = 15.0.28307.489
MinimumVisualStudioVersion = 10.0.40219.1
Project("{FAE04EC0-301F-11D3-BF4B-00C04F79EFBC}") = "ASP.NETProject", "ASP.NETProject\ASP.NETProject.csproj", "{701FCAC3-1435-409E-88E9-3A7B484BBC99}"
EndProject
Global
	GlobalSection(SolutionConfigurationPlatforms) = preSolution
		Debug|Any CPU = Debug|Any CPU
		Release|Any CPU = Release|Any CPU
	EndGlobalSection
	GlobalSection(ProjectConfigurationPlatforms) = postSolution
		{701FCAC3-1435-409E-88E9-3A7B484BBC99}.Debug|Any CPU.ActiveCfg = Debug|Any CPU
		{701FCAC3-1435-409E-88E9-3A7B484BBC99}.Debug|Any CPU.Build.0 = Debug|Any CPU
		{701FCAC3-1435-409E-88E9-3A7B484BBC99}.Release|Any CPU.ActiveCfg = Release|Any CPU
		{701FCAC3-1435-409E-88E9-3A7B484BBC99}.Release|Any CPU.Build.0 = Release|Any CPU
	EndGlobalSection
	GlobalSection(SolutionProperties) = preSolution
		HideSolutionNode = FALSE
	EndGlobalSection
	GlobalSection(ExtensibilityGlobals) = postSolution
		SolutionGuid = {C1DE6D8B-CBDA-45DF-95AB-BE4713C2B3B1}
	EndGlobalSection
EndGlobal
